# THIS IS AN AUTOGENERATED FILE. DO NOT EDIT THIS FILE DIRECTLY.
# yarn lockfile v1


react-native-touch-id@^4.4.1:
  version "4.4.1"
  resolved "https://registry.yarnpkg.com/react-native-touch-id/-/react-native-touch-id-4.4.1.tgz#8b1bb2d04c30bac36bb9696d2d723e719c4a8b08"
  integrity sha512-1jTl8fC+0fxvqegy/XXTyo6vMvPhjzkoDdaqoYZx0OH8AT250NuXnNPyKktvigIcys3+2acciqOeaCall7lrvg==
